
Microsoft Visual Studio Solution File, Format Version 12.00
# Visual Studio Version 17
VisualStudioVersion = 17.14.36414.22
MinimumVisualStudioVersion = 10.0.40219.1
Project("{FAE04EC0-301F-11D3-BF4B-00C04F79EFBC}") = "Tyuiu.AtakishievRS.Sprint6.Task0.V9.Lib", "Tyuiu.AtakishievRS.Sprint6.Task0.V9.Lib\Tyuiu.AtakishievRS.Sprint6.Task0.V9.Lib.csproj", "{1FD6F1E7-DE3E-4D23-93C3-D39D622127E9}"
EndProject
Project("{FAE04EC0-301F-11D3-BF4B-00C04F79EFBC}") = "Tyuiu.AtakishievRS.Sprint6.Task0.V9.Test", "Tyuiu.AtakishievRS.Sprint6.Task0.V9.Test\Tyuiu.AtakishievRS.Sprint6.Task0.V9.Test.csproj", "{9EB199B2-C3AC-4044-BA42-9A646F1F2239}"
EndProject
Project("{2150E333-8FDC-42A3-9474-1A3956D46DE8}") = "Task0", "Task0", "{02EA681E-C7D8-13C7-8484-4AC65E1B71E8}"
EndProject
Project("{FAE04EC0-301F-11D3-BF4B-00C04F79EFBC}") = "Tyuiu.AtakishievRS.Sprint6.Task0.V9", "Tyuiu.AtakishievRS.Sprint6.Task0.V9\Tyuiu.AtakishievRS.Sprint6.Task0.V9.csproj", "{80C94B2A-4DF1-476C-9CD4-C77ED4773016}"
EndProject
Project("{2150E333-8FDC-42A3-9474-1A3956D46DE8}") = "Task1", "Task1", "{5A41206D-2F18-4BE4-8CDF-38200FD4EE40}"
EndProject
Project("{FAE04EC0-301F-11D3-BF4B-00C04F79EFBC}") = "Tyuiu.AtakishievRS.Sprint6.Task1.V22.Lib", "Tyuiu.AtakishievRS.Sprint6.Task1.V22.Lib\Tyuiu.AtakishievRS.Sprint6.Task1.V22.Lib.csproj", "{5395DE32-3D2A-460E-855A-EA7D676DAFF1}"
EndProject
Project("{FAE04EC0-301F-11D3-BF4B-00C04F79EFBC}") = "Tyuiu.AtakishievRS.Sprint6.Task1.V22.Test", "Tyuiu.AtakishievRS.Sprint6.Task1.V22.Test\Tyuiu.AtakishievRS.Sprint6.Task1.V22.Test.csproj", "{77F93946-3651-424E-A285-F77A66D47C11}"
EndProject
Project("{FAE04EC0-301F-11D3-BF4B-00C04F79EFBC}") = "Tyuiu.AtakishievRS.Sprint6.Task1.V22", "Tyuiu.AtakishievRS.Sprint6.Task1.V22\Tyuiu.AtakishievRS.Sprint6.Task1.V22.csproj", "{357722BA-D255-495D-8FC6-93D897448204}"
EndProject
Project("{2150E333-8FDC-42A3-9474-1A3956D46DE8}") = "Task2", "Task2", "{10119D1F-83B5-4EFC-9301-D64A402B7910}"
EndProject
Project("{FAE04EC0-301F-11D3-BF4B-00C04F79EFBC}") = "Tyuiu.AtakishievRS.Sprint6.Task2.V28.Lib", "Tyuiu.AtakishievRS.Sprint6.Task2.V28.Lib\Tyuiu.AtakishievRS.Sprint6.Task2.V28.Lib.csproj", "{C38A3757-4840-4041-B943-813DB54F5F44}"
EndProject
Project("{FAE04EC0-301F-11D3-BF4B-00C04F79EFBC}") = "Tyuiu.AtakishievRS.Sprint6.Task2.V28.Test", "Tyuiu.AtakishievRS.Sprint6.Task2.V28.Test\Tyuiu.AtakishievRS.Sprint6.Task2.V28.Test.csproj", "{71A88E1E-124B-4CAD-AB4C-171489FF63DF}"
EndProject
Project("{FAE04EC0-301F-11D3-BF4B-00C04F79EFBC}") = "Tyuiu.AtakishievRS.Sprint6.Task2.V28", "Tyuiu.AtakishievRS.Sprint6.Task2.V28\Tyuiu.AtakishievRS.Sprint6.Task2.V28.csproj", "{AD271DA2-1BCB-4080-90D3-EA1249177CB5}"
EndProject
Project("{2150E333-8FDC-42A3-9474-1A3956D46DE8}") = "Task3", "Task3", "{D9276FCB-7719-42F0-B015-48828A92F404}"
EndProject
Project("{FAE04EC0-301F-11D3-BF4B-00C04F79EFBC}") = "Tyuiu.AtakishievRS.Sprint6.Task3.V1.Lib", "Tyuiu.AtakishievRS.Sprint6.Task3.V1.Lib\Tyuiu.AtakishievRS.Sprint6.Task3.V1.Lib.csproj", "{608D95EA-0863-4CF8-BF64-2D5B503A660D}"
EndProject
Project("{FAE04EC0-301F-11D3-BF4B-00C04F79EFBC}") = "Tyuiu.AtakishievRS.Sprint6.Task3.V1", "Tyuiu.AtakishievRS.Sprint6.Task3.V1\Tyuiu.AtakishievRS.Sprint6.Task3.V1.csproj", "{E394BCBC-783C-44CB-BF9F-0FCBCADD3009}"
EndProject
Project("{FAE04EC0-301F-11D3-BF4B-00C04F79EFBC}") = "Tyuiu.AtakishievRS.Sprint6.Task3.V1.Test", "Tyuiu.AtakishievRS.Sprint6.Task3.V1.Test\Tyuiu.AtakishievRS.Sprint6.Task3.V1.Test.csproj", "{CA8F48F5-8636-4FC4-AAFE-559502FE8085}"
EndProject
Global
	GlobalSection(SolutionConfigurationPlatforms) = preSolution
		Debug|Any CPU = Debug|Any CPU
		Release|Any CPU = Release|Any CPU
	EndGlobalSection
	GlobalSection(ProjectConfigurationPlatforms) = postSolution
		{1FD6F1E7-DE3E-4D23-93C3-D39D622127E9}.Debug|Any CPU.ActiveCfg = Debug|Any CPU
		{1FD6F1E7-DE3E-4D23-93C3-D39D622127E9}.Debug|Any CPU.Build.0 = Debug|Any CPU
		{1FD6F1E7-DE3E-4D23-93C3-D39D622127E9}.Release|Any CPU.ActiveCfg = Release|Any CPU
		{1FD6F1E7-DE3E-4D23-93C3-D39D622127E9}.Release|Any CPU.Build.0 = Release|Any CPU
		{9EB199B2-C3AC-4044-BA42-9A646F1F2239}.Debug|Any CPU.ActiveCfg = Debug|Any CPU
		{9EB199B2-C3AC-4044-BA42-9A646F1F2239}.Debug|Any CPU.Build.0 = Debug|Any CPU
		{9EB199B2-C3AC-4044-BA42-9A646F1F2239}.Release|Any CPU.ActiveCfg = Release|Any CPU
		{9EB199B2-C3AC-4044-BA42-9A646F1F2239}.Release|Any CPU.Build.0 = Release|Any CPU
		{80C94B2A-4DF1-476C-9CD4-C77ED4773016}.Debug|Any CPU.ActiveCfg = Debug|Any CPU
		{80C94B2A-4DF1-476C-9CD4-C77ED4773016}.Debug|Any CPU.Build.0 = Debug|Any CPU
		{80C94B2A-4DF1-476C-9CD4-C77ED4773016}.Release|Any CPU.ActiveCfg = Release|Any CPU
		{80C94B2A-4DF1-476C-9CD4-C77ED4773016}.Release|Any CPU.Build.0 = Release|Any CPU
		{5395DE32-3D2A-460E-855A-EA7D676DAFF1}.Debug|Any CPU.ActiveCfg = Debug|Any CPU
		{5395DE32-3D2A-460E-855A-EA7D676DAFF1}.Debug|Any CPU.Build.0 = Debug|Any CPU
		{5395DE32-3D2A-460E-855A-EA7D676DAFF1}.Release|Any CPU.ActiveCfg = Release|Any CPU
		{5395DE32-3D2A-460E-855A-EA7D676DAFF1}.Release|Any CPU.Build.0 = Release|Any CPU
		{77F93946-3651-424E-A285-F77A66D47C11}.Debug|Any CPU.ActiveCfg = Debug|Any CPU
		{77F93946-3651-424E-A285-F77A66D47C11}.Debug|Any CPU.Build.0 = Debug|Any CPU
		{77F93946-3651-424E-A285-F77A66D47C11}.Release|Any CPU.ActiveCfg = Release|Any CPU
		{77F93946-3651-424E-A285-F77A66D47C11}.Release|Any CPU.Build.0 = Release|Any CPU
		{357722BA-D255-495D-8FC6-93D897448204}.Debug|Any CPU.ActiveCfg = Debug|Any CPU
		{357722BA-D255-495D-8FC6-93D897448204}.Debug|Any CPU.Build.0 = Debug|Any CPU
		{357722BA-D255-495D-8FC6-93D897448204}.Release|Any CPU.ActiveCfg = Release|Any CPU
		{357722BA-D255-495D-8FC6-93D897448204}.Release|Any CPU.Build.0 = Release|Any CPU
		{C38A3757-4840-4041-B943-813DB54F5F44}.Debug|Any CPU.ActiveCfg = Debug|Any CPU
		{C38A3757-4840-4041-B943-813DB54F5F44}.Debug|Any CPU.Build.0 = Debug|Any CPU
		{C38A3757-4840-4041-B943-813DB54F5F44}.Release|Any CPU.ActiveCfg = Release|Any CPU
		{C38A3757-4840-4041-B943-813DB54F5F44}.Release|Any CPU.Build.0 = Release|Any CPU
		{71A88E1E-124B-4CAD-AB4C-171489FF63DF}.Debug|Any CPU.ActiveCfg = Debug|Any CPU
		{71A88E1E-124B-4CAD-AB4C-171489FF63DF}.Debug|Any CPU.Build.0 = Debug|Any CPU
		{71A88E1E-124B-4CAD-AB4C-171489FF63DF}.Release|Any CPU.ActiveCfg = Release|Any CPU
		{71A88E1E-124B-4CAD-AB4C-171489FF63DF}.Release|Any CPU.Build.0 = Release|Any CPU
		{AD271DA2-1BCB-4080-90D3-EA1249177CB5}.Debug|Any CPU.ActiveCfg = Debug|Any CPU
		{AD271DA2-1BCB-4080-90D3-EA1249177CB5}.Debug|Any CPU.Build.0 = Debug|Any CPU
		{AD271DA2-1BCB-4080-90D3-EA1249177CB5}.Release|Any CPU.ActiveCfg = Release|Any CPU
		{AD271DA2-1BCB-4080-90D3-EA1249177CB5}.Release|Any CPU.Build.0 = Release|Any CPU
		{608D95EA-0863-4CF8-BF64-2D5B503A660D}.Debug|Any CPU.ActiveCfg = Debug|Any CPU
		{608D95EA-0863-4CF8-BF64-2D5B503A660D}.Debug|Any CPU.Build.0 = Debug|Any CPU
		{608D95EA-0863-4CF8-BF64-2D5B503A660D}.Release|Any CPU.ActiveCfg = Release|Any CPU
		{608D95EA-0863-4CF8-BF64-2D5B503A660D}.Release|Any CPU.Build.0 = Release|Any CPU
		{E394BCBC-783C-44CB-BF9F-0FCBCADD3009}.Debug|Any CPU.ActiveCfg = Debug|Any CPU
		{E394BCBC-783C-44CB-BF9F-0FCBCADD3009}.Debug|Any CPU.Build.0 = Debug|Any CPU
		{E394BCBC-783C-44CB-BF9F-0FCBCADD3009}.Release|Any CPU.ActiveCfg = Release|Any CPU
		{E394BCBC-783C-44CB-BF9F-0FCBCADD3009}.Release|Any CPU.Build.0 = Release|Any CPU
		{CA8F48F5-8636-4FC4-AAFE-559502FE8085}.Debug|Any CPU.ActiveCfg = Debug|Any CPU
		{CA8F48F5-8636-4FC4-AAFE-559502FE8085}.Debug|Any CPU.Build.0 = Debug|Any CPU
		{CA8F48F5-8636-4FC4-AAFE-559502FE8085}.Release|Any CPU.ActiveCfg = Release|Any CPU
		{CA8F48F5-8636-4FC4-AAFE-559502FE8085}.Release|Any CPU.Build.0 = Release|Any CPU
	EndGlobalSection
	GlobalSection(SolutionProperties) = preSolution
		HideSolutionNode = FALSE
	EndGlobalSection
	GlobalSection(NestedProjects) = preSolution
		{1FD6F1E7-DE3E-4D23-93C3-D39D622127E9} = {02EA681E-C7D8-13C7-8484-4AC65E1B71E8}
		{9EB199B2-C3AC-4044-BA42-9A646F1F2239} = {02EA681E-C7D8-13C7-8484-4AC65E1B71E8}
		{80C94B2A-4DF1-476C-9CD4-C77ED4773016} = {02EA681E-C7D8-13C7-8484-4AC65E1B71E8}
		{5395DE32-3D2A-460E-855A-EA7D676DAFF1} = {5A41206D-2F18-4BE4-8CDF-38200FD4EE40}
		{77F93946-3651-424E-A285-F77A66D47C11} = {5A41206D-2F18-4BE4-8CDF-38200FD4EE40}
		{357722BA-D255-495D-8FC6-93D897448204} = {5A41206D-2F18-4BE4-8CDF-38200FD4EE40}
		{C38A3757-4840-4041-B943-813DB54F5F44} = {10119D1F-83B5-4EFC-9301-D64A402B7910}
		{71A88E1E-124B-4CAD-AB4C-171489FF63DF} = {10119D1F-83B5-4EFC-9301-D64A402B7910}
		{AD271DA2-1BCB-4080-90D3-EA1249177CB5} = {10119D1F-83B5-4EFC-9301-D64A402B7910}
		{608D95EA-0863-4CF8-BF64-2D5B503A660D} = {D9276FCB-7719-42F0-B015-48828A92F404}
		{E394BCBC-783C-44CB-BF9F-0FCBCADD3009} = {D9276FCB-7719-42F0-B015-48828A92F404}
		{CA8F48F5-8636-4FC4-AAFE-559502FE8085} = {D9276FCB-7719-42F0-B015-48828A92F404}
	EndGlobalSection
	GlobalSection(ExtensibilityGlobals) = postSolution
		SolutionGuid = {31F0EC53-DA27-4414-A882-A57C7CAC25F5}
	EndGlobalSection
EndGlobal
